
Microsoft Visual Studio Solution File, Format Version 12.00
# Visual Studio Version 16
VisualStudioVersion = 16.0.28803.202
MinimumVisualStudioVersion = 10.0.40219.1
Project("{9A19103F-16F7-4668-BE54-9A1E7A4F7556}") = "Singleton", "Singleton\Singleton.csproj", "{7D1331F4-669B-41C7-A9F1-E2564B5C15F6}"
EndProject
Project("{9A19103F-16F7-4668-BE54-9A1E7A4F7556}") = "FactoryMethod", "FactoryMethod\FactoryMethod.csproj", "{9B8A4F02-DB1C-4A88-BAEA-A136D76221E1}"
EndProject
Project("{9A19103F-16F7-4668-BE54-9A1E7A4F7556}") = "AbstractFactory", "AbstractFactory\AbstractFactory.csproj", "{7B2F1288-31E1-4D6E-BAF6-BDCE52D70E11}"
EndProject
Project("{FAE04EC0-301F-11D3-BF4B-00C04F79EFBC}") = "Builder", "Builder\Builder.csproj", "{A1839B95-6656-40C4-AD23-54AECA264B60}"
EndProject
Global
	GlobalSection(SolutionConfigurationPlatforms) = preSolution
		Debug|Any CPU = Debug|Any CPU
		Release|Any CPU = Release|Any CPU
	EndGlobalSection
	GlobalSection(ProjectConfigurationPlatforms) = postSolution
		{7D1331F4-669B-41C7-A9F1-E2564B5C15F6}.Debug|Any CPU.ActiveCfg = Debug|Any CPU
		{7D1331F4-669B-41C7-A9F1-E2564B5C15F6}.Debug|Any CPU.Build.0 = Debug|Any CPU
		{7D1331F4-669B-41C7-A9F1-E2564B5C15F6}.Release|Any CPU.ActiveCfg = Release|Any CPU
		{7D1331F4-669B-41C7-A9F1-E2564B5C15F6}.Release|Any CPU.Build.0 = Release|Any CPU
		{9B8A4F02-DB1C-4A88-BAEA-A136D76221E1}.Debug|Any CPU.ActiveCfg = Debug|Any CPU
		{9B8A4F02-DB1C-4A88-BAEA-A136D76221E1}.Debug|Any CPU.Build.0 = Debug|Any CPU
		{9B8A4F02-DB1C-4A88-BAEA-A136D76221E1}.Release|Any CPU.ActiveCfg = Release|Any CPU
		{9B8A4F02-DB1C-4A88-BAEA-A136D76221E1}.Release|Any CPU.Build.0 = Release|Any CPU
		{7B2F1288-31E1-4D6E-BAF6-BDCE52D70E11}.Debug|Any CPU.ActiveCfg = Debug|Any CPU
		{7B2F1288-31E1-4D6E-BAF6-BDCE52D70E11}.Debug|Any CPU.Build.0 = Debug|Any CPU
		{7B2F1288-31E1-4D6E-BAF6-BDCE52D70E11}.Release|Any CPU.ActiveCfg = Release|Any CPU
		{7B2F1288-31E1-4D6E-BAF6-BDCE52D70E11}.Release|Any CPU.Build.0 = Release|Any CPU
		{A1839B95-6656-40C4-AD23-54AECA264B60}.Debug|Any CPU.ActiveCfg = Debug|Any CPU
		{A1839B95-6656-40C4-AD23-54AECA264B60}.Debug|Any CPU.Build.0 = Debug|Any CPU
		{A1839B95-6656-40C4-AD23-54AECA264B60}.Release|Any CPU.ActiveCfg = Release|Any CPU
		{A1839B95-6656-40C4-AD23-54AECA264B60}.Release|Any CPU.Build.0 = Release|Any CPU
	EndGlobalSection
	GlobalSection(SolutionProperties) = preSolution
		HideSolutionNode = FALSE
	EndGlobalSection
	GlobalSection(ExtensibilityGlobals) = postSolution
		SolutionGuid = {9D6BB65B-0186-4DFC-95B5-47A80450DD30}
	EndGlobalSection
EndGlobal
